PODS:
  - Flutter (1.0.0)
  - get_instance_bridge (0.0.2):
    - Flutter
    - instance_bridge_core (~> 0.0.8)
  - instance_bridge_core (0.0.8):
    - Flutter
    - FlutterMacOS

DEPENDENCIES:
  - Flutter (from `Flutter`)
  - get_instance_bridge (from `.symlinks/plugins/get_instance_bridge/ios`)
  - instance_bridge_core (from `https://github.com/yysy-iot/instance_bridge_core.git`, tag `0.0.8`)

EXTERNAL SOURCES:
  Flutter:
    :path: Flutter
  get_instance_bridge:
    :path: ".symlinks/plugins/get_instance_bridge/ios"
  instance_bridge_core:
    :git: https://github.com/yysy-iot/instance_bridge_core.git
    :tag: 0.0.8

CHECKOUT OPTIONS:
  instance_bridge_core:
    :git: https://github.com/yysy-iot/instance_bridge_core.git
    :tag: 0.0.8

SPEC CHECKSUMS:
  Flutter: cabc95a1d2626b1b06e7179b784ebcf0c0cde467
  get_instance_bridge: 3a8724b8fbb6250b3835bf98a1f22b445bf3005f
  instance_bridge_core: c43d4fa1882349a32a66395afc9a98ca50a3fbc4

PODFILE CHECKSUM: b5535afb508175c087ec99c47bf47d22bdf953ad

COCOAPODS: 1.17.0
