PODS:
  - FlutterMacOS (1.0.0)
  - get_instance_bridge (0.1.0):
    - FlutterMacOS
    - instance_bridge_core (~> 0.0.17)
  - instance_bridge_core (0.0.17):
    - Flutter
    - FlutterMacOS

DEPENDENCIES:
  - FlutterMacOS (from `Flutter/ephemeral`)
  - get_instance_bridge (from `Flutter/ephemeral/.symlinks/plugins/get_instance_bridge/macos`)
  - instance_bridge_core (from `Flutter/ephemeral/.symlinks/plugins/instance_bridge_core/darwin`)

EXTERNAL SOURCES:
  FlutterMacOS:
    :path: Flutter/ephemeral
  get_instance_bridge:
    :path: Flutter/ephemeral/.symlinks/plugins/get_instance_bridge/macos
  instance_bridge_core:
    :path: Flutter/ephemeral/.symlinks/plugins/instance_bridge_core/darwin

SPEC CHECKSUMS:
  FlutterMacOS: c232990155153907050900a2e175c7773903ba4e
  get_instance_bridge: b59439b1a2603aceff70cf41e6fcea63d53c18fe
  instance_bridge_core: b1e3fa7f53eb55087ad4470c435fb297b304080a

PODFILE CHECKSUM: 1e95c36afbfd1cb6423ceca4de7a8e1b256fb6ac

COCOAPODS: 1.17.0
