PODS:
  - FlutterMacOS (1.0.0)
  - get_instance_bridge (0.0.2):
    - FlutterMacOS
    - instance_bridge_core (~> 0.0.8)
  - instance_bridge_core (0.0.8):
    - Flutter
    - FlutterMacOS

DEPENDENCIES:
  - FlutterMacOS (from `Flutter/ephemeral`)
  - get_instance_bridge (from `Flutter/ephemeral/.symlinks/plugins/get_instance_bridge/macos`)
  - instance_bridge_core (from `https://github.com/yysy-iot/instance_bridge_core.git`, tag `0.0.8`)

EXTERNAL SOURCES:
  FlutterMacOS:
    :path: Flutter/ephemeral
  get_instance_bridge:
    :path: Flutter/ephemeral/.symlinks/plugins/get_instance_bridge/macos
  instance_bridge_core:
    :git: https://github.com/yysy-iot/instance_bridge_core.git
    :tag: 0.0.8

CHECKOUT OPTIONS:
  instance_bridge_core:
    :git: https://github.com/yysy-iot/instance_bridge_core.git
    :tag: 0.0.8

SPEC CHECKSUMS:
  FlutterMacOS: d0db08ddef1a9af05a5ec4b724367152bb0500b1
  get_instance_bridge: f160cd94707c2ff9ec09030f440a36a843d2f8b4
  instance_bridge_core: c43d4fa1882349a32a66395afc9a98ca50a3fbc4

PODFILE CHECKSUM: a048605b369bd5cbf55e2da89a4f6fd949baa912

COCOAPODS: 1.17.0
